
Microsoft Visual Studio Solution File, Format Version 12.00
# Visual Studio 15
VisualStudioVersion = 15.0.28307.645
MinimumVisualStudioVersion = 10.0.40219.1
Project("{FAE04EC0-301F-11D3-BF4B-00C04F79EFBC}") = "Licenses", "Licenses\Licenses.csproj", "{C27BD1AF-77B3-4658-B3FC-4A7FCEC8E33E}"
EndProject
Project("{FAE04EC0-301F-11D3-BF4B-00C04F79EFBC}") = "Licenses.Library", "Licenses.Library\Licenses.Library.csproj", "{D8D752CC-A1F0-46AA-8AD4-54B7B417743F}"
EndProject
Project("{FAE04EC0-301F-11D3-BF4B-00C04F79EFBC}") = "Licenses.ClientSample", "Licenses.ClientSample\Licenses.ClientSample.csproj", "{C40D4AA3-55D8-4CE2-AA5C-9887D54389B2}"
EndProject
Project("{FAE04EC0-301F-11D3-BF4B-00C04F79EFBC}") = "SYLICCLN", "SYLICCLN\SYLICCLN.csproj", "{88474CD6-952D-4CAE-BA5B-146C601B9B82}"
EndProject
Global
	GlobalSection(SolutionConfigurationPlatforms) = preSolution
		Debug|Any CPU = Debug|Any CPU
		Release|Any CPU = Release|Any CPU
	EndGlobalSection
	GlobalSection(ProjectConfigurationPlatforms) = postSolution
		{C27BD1AF-77B3-4658-B3FC-4A7FCEC8E33E}.Debug|Any CPU.ActiveCfg = Debug|Any CPU
		{C27BD1AF-77B3-4658-B3FC-4A7FCEC8E33E}.Debug|Any CPU.Build.0 = Debug|Any CPU
		{C27BD1AF-77B3-4658-B3FC-4A7FCEC8E33E}.Release|Any CPU.ActiveCfg = Release|Any CPU
		{C27BD1AF-77B3-4658-B3FC-4A7FCEC8E33E}.Release|Any CPU.Build.0 = Release|Any CPU
		{D8D752CC-A1F0-46AA-8AD4-54B7B417743F}.Debug|Any CPU.ActiveCfg = Debug|Any CPU
		{D8D752CC-A1F0-46AA-8AD4-54B7B417743F}.Debug|Any CPU.Build.0 = Debug|Any CPU
		{D8D752CC-A1F0-46AA-8AD4-54B7B417743F}.Release|Any CPU.ActiveCfg = Release|Any CPU
		{D8D752CC-A1F0-46AA-8AD4-54B7B417743F}.Release|Any CPU.Build.0 = Release|Any CPU
		{C40D4AA3-55D8-4CE2-AA5C-9887D54389B2}.Debug|Any CPU.ActiveCfg = Debug|Any CPU
		{C40D4AA3-55D8-4CE2-AA5C-9887D54389B2}.Debug|Any CPU.Build.0 = Debug|Any CPU
		{C40D4AA3-55D8-4CE2-AA5C-9887D54389B2}.Release|Any CPU.ActiveCfg = Release|Any CPU
		{C40D4AA3-55D8-4CE2-AA5C-9887D54389B2}.Release|Any CPU.Build.0 = Release|Any CPU
		{88474CD6-952D-4CAE-BA5B-146C601B9B82}.Debug|Any CPU.ActiveCfg = Debug|Any CPU
		{88474CD6-952D-4CAE-BA5B-146C601B9B82}.Debug|Any CPU.Build.0 = Debug|Any CPU
		{88474CD6-952D-4CAE-BA5B-146C601B9B82}.Release|Any CPU.ActiveCfg = Release|Any CPU
		{88474CD6-952D-4CAE-BA5B-146C601B9B82}.Release|Any CPU.Build.0 = Release|Any CPU
	EndGlobalSection
	GlobalSection(SolutionProperties) = preSolution
		HideSolutionNode = FALSE
	EndGlobalSection
	GlobalSection(ExtensibilityGlobals) = postSolution
		SolutionGuid = {A2381FB7-2EFA-4AB2-8E3C-59EDF5A3A174}
	EndGlobalSection
	GlobalSection(TeamFoundationVersionControl) = preSolution
		SccNumberOfProjects = 5
		SccEnterpriseProvider = {4CA58AB2-18FA-4F8D-95D4-32DDF27D184C}
		SccTeamFoundationServer = http://10.0.0.90:8080/factor
		SccLocalPath0 = .
		SccProjectUniqueName1 = Licenses.ClientSample\\Licenses.ClientSample.csproj
		SccProjectName1 = Licenses.ClientSample
		SccLocalPath1 = Licenses.ClientSample
		SccProjectUniqueName2 = Licenses.Library\\Licenses.Library.csproj
		SccProjectName2 = Licenses.Library
		SccLocalPath2 = Licenses.Library
		SccProjectUniqueName3 = Licenses\\Licenses.csproj
		SccProjectName3 = Licenses
		SccLocalPath3 = Licenses
		SccProjectUniqueName4 = SYLICCLN\\SYLICCLN.csproj
		SccProjectName4 = SYLICCLN
		SccLocalPath4 = SYLICCLN
	EndGlobalSection
EndGlobal
